
Microsoft Visual Studio Solution File, Format Version 12.00
# Visual Studio Version 17
VisualStudioVersion = 17.10.35122.118
MinimumVisualStudioVersion = 10.0.40219.1
Project("{FAE04EC0-301F-11D3-BF4B-00C04F79EFBC}") = "weaponOwnerApi", "weaponOwnerApi.csproj", "{92C95025-1333-4C58-BB49-E6287D5DD110}"
EndProject
Global
	GlobalSection(SolutionConfigurationPlatforms) = preSolution
		Debug|Any CPU = Debug|Any CPU
		Release|Any CPU = Release|Any CPU
	EndGlobalSection
	GlobalSection(ProjectConfigurationPlatforms) = postSolution
		{92C95025-1333-4C58-BB49-E6287D5DD110}.Debug|Any CPU.ActiveCfg = Debug|Any CPU
		{92C95025-1333-4C58-BB49-E6287D5DD110}.Debug|Any CPU.Build.0 = Debug|Any CPU
		{92C95025-1333-4C58-BB49-E6287D5DD110}.Release|Any CPU.ActiveCfg = Release|Any CPU
		{92C95025-1333-4C58-BB49-E6287D5DD110}.Release|Any CPU.Build.0 = Release|Any CPU
	EndGlobalSection
	GlobalSection(SolutionProperties) = preSolution
		HideSolutionNode = FALSE
	EndGlobalSection
	GlobalSection(ExtensibilityGlobals) = postSolution
		SolutionGuid = {64140AA4-10B0-4CD0-9484-4101E673B60C}
	EndGlobalSection
EndGlobal
